<?xml version="1.0" encoding="utf-8"?>
<Project ToolsVersion="4.0" xmlns="http://schemas.microsoft.com/developer/msbuild/2003">
  <ItemGroup>
    <Filter Include="소스 파일">
      <UniqueIdentifier>{4FC737F1-C7A5-4376-A066-2A32D752A2FF}</UniqueIdentifier>
      <Extensions>cpp;c;cc;cxx;c++;cppm;ixx;def;odl;idl;hpj;bat;asm;asmx</Extensions>
    </Filter>
    <Filter Include="헤더 파일">
      <UniqueIdentifier>{93995380-89BD-4b04-88EB-625FBE52EBFB}</UniqueIdentifier>
      <Extensions>h;hh;hpp;hxx;h++;hm;inl;inc;ipp;xsd</Extensions>
    </Filter>
    <Filter Include="리소스 파일">
      <UniqueIdentifier>{67DA6AB6-F800-4c08-8B7A-83BB121AAD01}</UniqueIdentifier>
      <Extensions>rc;ico;cur;bmp;dlg;rc2;rct;bin;rgs;gif;jpg;jpeg;jpe;resx;tiff;tif;png;wav;mfcribbon-ms</Extensions>
    </Filter>
    <Filter Include="소스 파일\default">
      <UniqueIdentifier>{6d6be4c2-b3fa-4271-9247-a7ff98d49edd}</UniqueIdentifier>
    </Filter>
    <Filter Include="소스 파일\Manager">
      <UniqueIdentifier>{a910da5b-3bf3-46d9-ad36-21cc722a1140}</UniqueIdentifier>
    </Filter>
    <Filter Include="소스 파일\Core">
      <UniqueIdentifier>{cfa9150a-c2d3-49f0-9168-80cb3a9c07a3}</UniqueIdentifier>
    </Filter>
    <Filter Include="소스 파일\Manager\SessionMgr">
      <UniqueIdentifier>{171495c1-1daf-41cc-bac1-e71e4fe4774e}</UniqueIdentifier>
    </Filter>
    <Filter Include="소스 파일\Manager\LobbyMgr">
      <UniqueIdentifier>{6a6fd094-35fd-4574-94eb-81661f135856}</UniqueIdentifier>
    </Filter>
    <Filter Include="소스 파일\Manager\DBMgr">
      <UniqueIdentifier>{676c609f-2f52-45b4-a042-647e76026cd4}</UniqueIdentifier>
    </Filter>
    <Filter Include="소스 파일\Manager\LogMgr">
      <UniqueIdentifier>{55e9af9f-30e9-4315-b964-668c7c2bd0ab}</UniqueIdentifier>
    </Filter>
    <Filter Include="소스 파일\Manager\LoginMgr">
      <UniqueIdentifier>{69c45cd5-736b-4cb7-88fd-8fec2d27d213}</UniqueIdentifier>
    </Filter>
    <Filter Include="소스 파일\Manager\MainMgr">
      <UniqueIdentifier>{d11f5a4c-75b6-45c4-be9d-4a9a9ed2d2b6}</UniqueIdentifier>
    </Filter>
    <Filter Include="소스 파일\Session">
      <UniqueIdentifier>{63f333e8-f2ba-41a0-ba4c-24496635db8a}</UniqueIdentifier>
    </Filter>
    <Filter Include="소스 파일\State">
      <UniqueIdentifier>{2c34373e-ba41-429e-99a5-a9c448bf54e4}</UniqueIdentifier>
    </Filter>
    <Filter Include="소스 파일\Manager\RoomMgr">
      <UniqueIdentifier>{4bf2f4c0-4196-4912-9ffa-14fd9db99c5d}</UniqueIdentifier>
    </Filter>
    <Filter Include="소스 파일\Core\Lock">
      <UniqueIdentifier>{5a9d9738-efac-4542-88d1-bc79d1bae497}</UniqueIdentifier>
    </Filter>
    <Filter Include="소스 파일\Core\Crypt">
      <UniqueIdentifier>{40a4cee7-e379-4e7d-8f7b-e4a0c622ef50}</UniqueIdentifier>
    </Filter>
    <Filter Include="소스 파일\Manager\ProtocolMgr">
      <UniqueIdentifier>{0734ba92-2a43-4799-a148-c5076b4df095}</UniqueIdentifier>
    </Filter>
    <Filter Include="소스 파일\Manager\SectorMgr">
      <UniqueIdentifier>{a76b5646-6b4b-4153-94ff-8b593fdb5e29}</UniqueIdentifier>
    </Filter>
    <Filter Include="소스 파일\Sector">
      <UniqueIdentifier>{863fea7b-1db7-41af-9bb2-cf21e38497d1}</UniqueIdentifier>
    </Filter>
  </ItemGroup>
  <ItemGroup>
    <ClCompile Include="..\CSessionMgr.cpp">
      <Filter>소스 파일\Manager\SessionMgr</Filter>
    </ClCompile>
    <ClCompile Include="..\CDBMgr.cpp">
      <Filter>소스 파일\Manager\DBMgr</Filter>
    </ClCompile>
    <ClCompile Include="..\CLobbyMgr.cpp">
      <Filter>소스 파일\Manager\LobbyMgr</Filter>
    </ClCompile>
    <ClCompile Include="..\CLogMgr.cpp">
      <Filter>소스 파일\Manager\LogMgr</Filter>
    </ClCompile>
    <ClCompile Include="..\CLoginMgr.cpp">
      <Filter>소스 파일\Manager\LoginMgr</Filter>
    </ClCompile>
    <ClCompile Include="..\CMainMgr.cpp">
      <Filter>소스 파일\Manager\MainMgr</Filter>
    </ClCompile>
    <ClCompile Include="..\CIocp.cpp">
      <Filter>소스 파일\Core</Filter>
    </ClCompile>
    <ClCompile Include="..\main.cpp">
      <Filter>소스 파일\default</Filter>
    </ClCompile>
    <ClCompile Include="..\func.cpp">
      <Filter>소스 파일\default</Filter>
    </ClCompile>
    <ClCompile Include="..\pch.cpp">
      <Filter>소스 파일\default</Filter>
    </ClCompile>
    <ClCompile Include="..\CRoomMgr.cpp">
      <Filter>소스 파일\Manager\RoomMgr</Filter>
    </ClCompile>
    <ClCompile Include="..\CLock.cpp">
      <Filter>소스 파일\Core\Lock</Filter>
    </ClCompile>
    <ClCompile Include="..\CLockGuard.cpp">
      <Filter>소스 파일\Core\Lock</Filter>
    </ClCompile>
    <ClCompile Include="..\CLockGuard_Static.cpp">
      <Filter>소스 파일\Core\Lock</Filter>
    </ClCompile>
    <ClCompile Include="..\CCrypt.cpp">
      <Filter>소스 파일\Core\Crypt</Filter>
    </ClCompile>
    <ClCompile Include="..\C_SetCtrlHandler.cpp">
      <Filter>소스 파일\Core</Filter>
    </ClCompile>
    <ClCompile Include="..\CProtocolMgr.cpp">
      <Filter>소스 파일\Manager\ProtocolMgr</Filter>
    </ClCompile>
    <ClCompile Include="..\CPacket.cpp">
      <Filter>소스 파일\Session</Filter>
    </ClCompile>
    <ClCompile Include="..\CSession.cpp">
      <Filter>소스 파일\Session</Filter>
    </ClCompile>
    <ClCompile Include="..\CSocket.cpp">
      <Filter>소스 파일\Session</Filter>
    </ClCompile>
    <ClCompile Include="..\CState.cpp">
      <Filter>소스 파일\State</Filter>
    </ClCompile>
    <ClCompile Include="..\CRoomState.cpp">
      <Filter>소스 파일\State</Filter>
    </ClCompile>
    <ClCompile Include="..\CLoginState.cpp">
      <Filter>소스 파일\State</Filter>
    </ClCompile>
    <ClCompile Include="..\CLobbyState.cpp">
      <Filter>소스 파일\State</Filter>
    </ClCompile>
    <ClCompile Include="CSectorMgr.cpp">
      <Filter>소스 파일</Filter>
    </ClCompile>
    <ClCompile Include="CSector.cpp">
      <Filter>소스 파일</Filter>
    </ClCompile>
  </ItemGroup>
  <ItemGroup>
    <ClInclude Include="..\ProjectString.h">
      <Filter>헤더 파일</Filter>
    </ClInclude>
    <ClInclude Include="..\CSessionMgr.h">
      <Filter>소스 파일\Manager\SessionMgr</Filter>
    </ClInclude>
    <ClInclude Include="..\CDBMgr.h">
      <Filter>소스 파일\Manager\DBMgr</Filter>
    </ClInclude>
    <ClInclude Include="..\CLobbyMgr.h">
      <Filter>소스 파일\Manager\LobbyMgr</Filter>
    </ClInclude>
    <ClInclude Include="..\CLogMgr.h">
      <Filter>소스 파일\Manager\LogMgr</Filter>
    </ClInclude>
    <ClInclude Include="..\CLoginMgr.h">
      <Filter>소스 파일\Manager\LoginMgr</Filter>
    </ClInclude>
    <ClInclude Include="..\CMainMgr.h">
      <Filter>소스 파일\Manager\MainMgr</Filter>
    </ClInclude>
    <ClInclude Include="..\CIocp.h">
      <Filter>소스 파일\Core</Filter>
    </ClInclude>
    <ClInclude Include="..\pch.h">
      <Filter>소스 파일\default</Filter>
    </ClInclude>
    <ClInclude Include="..\resource.h">
      <Filter>소스 파일\default</Filter>
    </ClInclude>
    <ClInclude Include="..\func.h">
      <Filter>소스 파일\default</Filter>
    </ClInclude>
    <ClInclude Include="..\define.h">
      <Filter>소스 파일\default</Filter>
    </ClInclude>
    <ClInclude Include="..\CRoomMgr.h">
      <Filter>소스 파일\Manager\RoomMgr</Filter>
    </ClInclude>
    <ClInclude Include="..\CLock.h">
      <Filter>소스 파일\Core\Lock</Filter>
    </ClInclude>
    <ClInclude Include="..\CLockGuard.h">
      <Filter>소스 파일\Core\Lock</Filter>
    </ClInclude>
    <ClInclude Include="..\CLockGuard_Static.h">
      <Filter>소스 파일\Core\Lock</Filter>
    </ClInclude>
    <ClInclude Include="..\C_SetCtrlHandler.h">
      <Filter>소스 파일\Core</Filter>
    </ClInclude>
    <ClInclude Include="..\CProtocolMgr.h">
      <Filter>소스 파일\Manager\ProtocolMgr</Filter>
    </ClInclude>
    <ClInclude Include="..\CPacket.h">
      <Filter>소스 파일\Session</Filter>
    </ClInclude>
    <ClInclude Include="..\CSession.h">
      <Filter>소스 파일\Session</Filter>
    </ClInclude>
    <ClInclude Include="..\CSocket.h">
      <Filter>소스 파일\Session</Filter>
    </ClInclude>
    <ClInclude Include="..\CState.h">
      <Filter>소스 파일\State</Filter>
    </ClInclude>
    <ClInclude Include="..\CRoomState.h">
      <Filter>소스 파일\State</Filter>
    </ClInclude>
    <ClInclude Include="..\CLoginState.h">
      <Filter>소스 파일\State</Filter>
    </ClInclude>
    <ClInclude Include="..\CLobbyState.h">
      <Filter>소스 파일\State</Filter>
    </ClInclude>
    <ClInclude Include="..\CCrypt.h">
      <Filter>소스 파일\Core\Crypt</Filter>
    </ClInclude>
    <ClInclude Include="CSectorMgr.h">
      <Filter>헤더 파일</Filter>
    </ClInclude>
    <ClInclude Include="CSector.h">
      <Filter>헤더 파일</Filter>
    </ClInclude>
  </ItemGroup>
</Project>