<?xml version="1.0" encoding="utf-8"?>
<Project ToolsVersion="4.0" xmlns="http://schemas.microsoft.com/developer/msbuild/2003">
  <ItemGroup>
    <Filter Include="소스 파일">
      <UniqueIdentifier>{4FC737F1-C7A5-4376-A066-2A32D752A2FF}</UniqueIdentifier>
      <Extensions>cpp;c;cc;cxx;c++;cppm;ixx;def;odl;idl;hpj;bat;asm;asmx</Extensions>
    </Filter>
    <Filter Include="헤더 파일">
      <UniqueIdentifier>{93995380-89BD-4b04-88EB-625FBE52EBFB}</UniqueIdentifier>
      <Extensions>h;hh;hpp;hxx;h++;hm;inl;inc;ipp;xsd</Extensions>
    </Filter>
    <Filter Include="리소스 파일">
      <UniqueIdentifier>{67DA6AB6-F800-4c08-8B7A-83BB121AAD01}</UniqueIdentifier>
      <Extensions>rc;ico;cur;bmp;dlg;rc2;rct;bin;rgs;gif;jpg;jpeg;jpe;resx;tiff;tif;png;wav;mfcribbon-ms</Extensions>
    </Filter>
  </ItemGroup>
  <ItemGroup>
    <ClCompile Include="..\C_SetCtrlHandler.cpp">
      <Filter>소스 파일</Filter>
    </ClCompile>
    <ClCompile Include="..\CCrypt.cpp">
      <Filter>소스 파일</Filter>
    </ClCompile>
    <ClCompile Include="..\CDBMgr.cpp">
      <Filter>소스 파일</Filter>
    </ClCompile>
    <ClCompile Include="..\CIocp.cpp">
      <Filter>소스 파일</Filter>
    </ClCompile>
    <ClCompile Include="..\CLobbyMgr.cpp">
      <Filter>소스 파일</Filter>
    </ClCompile>
    <ClCompile Include="..\CLobbyState.cpp">
      <Filter>소스 파일</Filter>
    </ClCompile>
    <ClCompile Include="..\CLock.cpp">
      <Filter>소스 파일</Filter>
    </ClCompile>
    <ClCompile Include="..\CLockGuard.cpp">
      <Filter>소스 파일</Filter>
    </ClCompile>
    <ClCompile Include="..\CLockGuard_Static.cpp">
      <Filter>소스 파일</Filter>
    </ClCompile>
    <ClCompile Include="..\CLoginMgr.cpp">
      <Filter>소스 파일</Filter>
    </ClCompile>
    <ClCompile Include="..\CLoginState.cpp">
      <Filter>소스 파일</Filter>
    </ClCompile>
    <ClCompile Include="..\CLogMgr.cpp">
      <Filter>소스 파일</Filter>
    </ClCompile>
    <ClCompile Include="..\CMainMgr.cpp">
      <Filter>소스 파일</Filter>
    </ClCompile>
    <ClCompile Include="..\CPacket.cpp">
      <Filter>소스 파일</Filter>
    </ClCompile>
    <ClCompile Include="..\CProtocolMgr.cpp">
      <Filter>소스 파일</Filter>
    </ClCompile>
    <ClCompile Include="..\CRoomMgr.cpp">
      <Filter>소스 파일</Filter>
    </ClCompile>
    <ClCompile Include="..\CRoomState.cpp">
      <Filter>소스 파일</Filter>
    </ClCompile>
    <ClCompile Include="..\CSession.cpp">
      <Filter>소스 파일</Filter>
    </ClCompile>
    <ClCompile Include="..\CSessionMgr.cpp">
      <Filter>소스 파일</Filter>
    </ClCompile>
    <ClCompile Include="..\CSocket.cpp">
      <Filter>소스 파일</Filter>
    </ClCompile>
    <ClCompile Include="..\CState.cpp">
      <Filter>소스 파일</Filter>
    </ClCompile>
    <ClCompile Include="..\func.cpp">
      <Filter>소스 파일</Filter>
    </ClCompile>
    <ClCompile Include="..\LobbyMgr.cpp">
      <Filter>소스 파일</Filter>
    </ClCompile>
    <ClCompile Include="..\main.cpp">
      <Filter>소스 파일</Filter>
    </ClCompile>
    <ClCompile Include="..\pch.cpp">
      <Filter>소스 파일</Filter>
    </ClCompile>
  </ItemGroup>
  <ItemGroup>
    <ClInclude Include="..\C_SetCtrlHandler.h">
      <Filter>헤더 파일</Filter>
    </ClInclude>
    <ClInclude Include="..\CCrypt.h">
      <Filter>헤더 파일</Filter>
    </ClInclude>
    <ClInclude Include="..\CDBMgr.h">
      <Filter>헤더 파일</Filter>
    </ClInclude>
    <ClInclude Include="..\CIocp.h">
      <Filter>헤더 파일</Filter>
    </ClInclude>
    <ClInclude Include="..\CLobbyMgr.h">
      <Filter>헤더 파일</Filter>
    </ClInclude>
    <ClInclude Include="..\CLobbyState.h">
      <Filter>헤더 파일</Filter>
    </ClInclude>
    <ClInclude Include="..\CLock.h">
      <Filter>헤더 파일</Filter>
    </ClInclude>
    <ClInclude Include="..\CLockGuard.h">
      <Filter>헤더 파일</Filter>
    </ClInclude>
    <ClInclude Include="..\CLockGuard_Static.h">
      <Filter>헤더 파일</Filter>
    </ClInclude>
    <ClInclude Include="..\CLoginMgr.h">
      <Filter>헤더 파일</Filter>
    </ClInclude>
    <ClInclude Include="..\CLoginState.h">
      <Filter>헤더 파일</Filter>
    </ClInclude>
    <ClInclude Include="..\CLogMgr.h">
      <Filter>헤더 파일</Filter>
    </ClInclude>
    <ClInclude Include="..\CMainMgr.h">
      <Filter>헤더 파일</Filter>
    </ClInclude>
    <ClInclude Include="..\CPacket.h">
      <Filter>헤더 파일</Filter>
    </ClInclude>
    <ClInclude Include="..\CProtocolMgr.h">
      <Filter>헤더 파일</Filter>
    </ClInclude>
    <ClInclude Include="..\CRoomMgr.h">
      <Filter>헤더 파일</Filter>
    </ClInclude>
    <ClInclude Include="..\CRoomState.h">
      <Filter>헤더 파일</Filter>
    </ClInclude>
    <ClInclude Include="..\CSession.h">
      <Filter>헤더 파일</Filter>
    </ClInclude>
    <ClInclude Include="..\CSessionMgr.h">
      <Filter>헤더 파일</Filter>
    </ClInclude>
    <ClInclude Include="..\CSocket.h">
      <Filter>헤더 파일</Filter>
    </ClInclude>
    <ClInclude Include="..\CState.h">
      <Filter>헤더 파일</Filter>
    </ClInclude>
    <ClInclude Include="..\define.h">
      <Filter>헤더 파일</Filter>
    </ClInclude>
    <ClInclude Include="..\func.h">
      <Filter>헤더 파일</Filter>
    </ClInclude>
    <ClInclude Include="..\LobbyMgr.h">
      <Filter>헤더 파일</Filter>
    </ClInclude>
    <ClInclude Include="..\pch.h">
      <Filter>헤더 파일</Filter>
    </ClInclude>
    <ClInclude Include="..\ProjectString.h">
      <Filter>헤더 파일</Filter>
    </ClInclude>
    <ClInclude Include="..\resource.h">
      <Filter>헤더 파일</Filter>
    </ClInclude>
  </ItemGroup>
</Project>