
Microsoft Visual Studio Solution File, Format Version 12.00
# Visual Studio Version 16
VisualStudioVersion = 16.0.32602.291
MinimumVisualStudioVersion = 10.0.40219.1
Project("{8BC9CEB8-8B4A-11D0-8D11-00A0C91BC942}") = "IOCP_Server", "IOCP_Server\IOCP_Server.vcxproj", "{936E2CE4-FF04-4866-8BE9-D4C5D352C9F1}"
EndProject
Global
	GlobalSection(SolutionConfigurationPlatforms) = preSolution
		Debug|x64 = Debug|x64
		Debug|x86 = Debug|x86
		Release|x64 = Release|x64
		Release|x86 = Release|x86
	EndGlobalSection
	GlobalSection(ProjectConfigurationPlatforms) = postSolution
		{936E2CE4-FF04-4866-8BE9-D4C5D352C9F1}.Debug|x64.ActiveCfg = Debug|x64
		{936E2CE4-FF04-4866-8BE9-D4C5D352C9F1}.Debug|x64.Build.0 = Debug|x64
		{936E2CE4-FF04-4866-8BE9-D4C5D352C9F1}.Debug|x86.ActiveCfg = Debug|Win32
		{936E2CE4-FF04-4866-8BE9-D4C5D352C9F1}.Debug|x86.Build.0 = Debug|Win32
		{936E2CE4-FF04-4866-8BE9-D4C5D352C9F1}.Release|x64.ActiveCfg = Release|x64
		{936E2CE4-FF04-4866-8BE9-D4C5D352C9F1}.Release|x64.Build.0 = Release|x64
		{936E2CE4-FF04-4866-8BE9-D4C5D352C9F1}.Release|x86.ActiveCfg = Release|Win32
		{936E2CE4-FF04-4866-8BE9-D4C5D352C9F1}.Release|x86.Build.0 = Release|Win32
	EndGlobalSection
	GlobalSection(SolutionProperties) = preSolution
		HideSolutionNode = FALSE
	EndGlobalSection
	GlobalSection(ExtensibilityGlobals) = postSolution
		SolutionGuid = {AAC75EE7-DCF7-4C66-B48A-34FBC6ACAC17}
	EndGlobalSection
EndGlobal
